{
  "name": "claude-night-pilot",
  "version": "0.1.0",
  "lockfileVersion": 3,
  "requires": true,
  "packages": {
    "": {
      "name": "claude-night-pilot",
      "version": "0.1.0",
      "dependencies": {
        "@tauri-apps/plugin-cli": "^2.0.0",
        "@tauri-apps/plugin-notification": "^2.0.0",
        "@tauri-apps/plugin-shell": "^2.0.0",
        "@tauri-apps/plugin-sql": "^2.0.0",
        "@tauri-apps/plugin-store": "^2.0.0"
      },
      "devDependencies": {
        "@playwright/test": "^1.54.1",
        "@tauri-apps/cli": "^2.0.0",
        "playwright": "^1.54.1"
      }
    },
    "node_modules/@playwright/test": {
      "version": "1.54.1",
      "resolved": "https://registry.npmjs.org/@playwright/test/-/test-1.54.1.tgz",
      "integrity": "sha512-FS8hQ12acieG2dYSksmLOF7BNxnVf2afRJdCuM1eMSxj6QTSE6G4InGF7oApGgDb65MX7AwMVlIkpru0yZA4Xw==",
      "dev": true,
      "license": "Apache-2.0",
      "dependencies": {
        "playwright": "1.54.1"
      },
      "bin": {
        "playwright": "cli.js"
      },
      "engines": {
        "node": ">=18"
      }
    },
    "node_modules/@tauri-apps/api": {
      "version": "2.7.0",
      "resolved": "https://registry.npmjs.org/@tauri-apps/api/-/api-2.7.0.tgz",
      "integrity": "sha512-v7fVE8jqBl8xJFOcBafDzXFc8FnicoH3j8o8DNNs0tHuEBmXUDqrCOAzMRX0UkfpwqZLqvrvK0GNQ45DfnoVDg==",
      "license": "Apache-2.0 OR MIT",
      "funding": {
        "type": "opencollective",
        "url": "https://opencollective.com/tauri"
      }
    },
    "node_modules/@tauri-apps/cli": {
      "version": "2.7.0",
      "resolved": "https://registry.npmjs.org/@tauri-apps/cli/-/cli-2.7.0.tgz",
      "integrity": "sha512-ozyxKm5YvivvLyrgHKyl6L+6y1/TkkeoA0cppPqxDv+ldbbtYiXx7dH8/G20tINh7dE+omSimN36i9M1ClGxtQ==",
      "dev": true,
      "license": "Apache-2.0 OR MIT",
      "bin": {
        "tauri": "tauri.js"
      },
      "engines": {
        "node": ">= 10"
      },
      "funding": {
        "type": "opencollective",
        "url": "https://opencollective.com/tauri"
      },
      "optionalDependencies": {
        "@tauri-apps/cli-darwin-arm64": "2.7.0",
        "@tauri-apps/cli-darwin-x64": "2.7.0",
        "@tauri-apps/cli-linux-arm-gnueabihf": "2.7.0",
        "@tauri-apps/cli-linux-arm64-gnu": "2.7.0",
        "@tauri-apps/cli-linux-arm64-musl": "2.7.0",
        "@tauri-apps/cli-linux-riscv64-gnu": "2.7.0",
        "@tauri-apps/cli-linux-x64-gnu": "2.7.0",
        "@tauri-apps/cli-linux-x64-musl": "2.7.0",
        "@tauri-apps/cli-win32-arm64-msvc": "2.7.0",
        "@tauri-apps/cli-win32-ia32-msvc": "2.7.0",
        "@tauri-apps/cli-win32-x64-msvc": "2.7.0"
      }
    },
    "node_modules/@tauri-apps/cli-darwin-arm64": {
      "version": "2.7.0",
      "resolved": "https://registry.npmjs.org/@tauri-apps/cli-darwin-arm64/-/cli-darwin-arm64-2.7.0.tgz",
      "integrity": "sha512-4sSrBlZuGb78UKkVQHdexzrYCamsiFQXFFuh9EI8vdq9PgTG8oXByQNIMx+p01HB594kLhaySrgozst6EFPoVQ==",
      "cpu": [
        "arm64"
      ],
      "dev": true,
      "license": "Apache-2.0 OR MIT",
      "optional": true,
      "os": [
        "darwin"
      ],
      "engines": {
        "node": ">= 10"
      }
    },
    "node_modules/@tauri-apps/cli-darwin-x64": {
      "version": "2.7.0",
      "resolved": "https://registry.npmjs.org/@tauri-apps/cli-darwin-x64/-/cli-darwin-x64-2.7.0.tgz",
      "integrity": "sha512-Uec0pKyw5/w4UmcRLyPt/+JG4dsIKj0TeKtF3PDz4EAGOevjSBaLIgu8aC62s3wKLCtDydTdIMMQ1ENHTJgfPA==",
      "cpu": [
        "x64"
      ],
      "dev": true,
      "license": "Apache-2.0 OR MIT",
      "optional": true,
      "os": [
        "darwin"
      ],
      "engines": {
        "node": ">= 10"
      }
    },
    "node_modules/@tauri-apps/cli-linux-arm-gnueabihf": {
      "version": "2.7.0",
      "resolved": "https://registry.npmjs.org/@tauri-apps/cli-linux-arm-gnueabihf/-/cli-linux-arm-gnueabihf-2.7.0.tgz",
      "integrity": "sha512-ZE7y/3MW9i1DccnHyktBDbryMWVFdnIfdqQoJ40iBzQGoBIQk4DonA5zROcqw0qGRTsXfTRnVjIXnh5eLkoCzQ==",
      "cpu": [
        "arm"
      ],
      "dev": true,
      "license": "Apache-2.0 OR MIT",
      "optional": true,
      "os": [
        "linux"
      ],
      "engines": {
        "node": ">= 10"
      }
    },
    "node_modules/@tauri-apps/cli-linux-arm64-gnu": {
      "version": "2.7.0",
      "resolved": "https://registry.npmjs.org/@tauri-apps/cli-linux-arm64-gnu/-/cli-linux-arm64-gnu-2.7.0.tgz",
      "integrity": "sha512-cWGl8OL+FjPWib+K8YK1S6o2Z34+f2LxnFRziTPdHwrdlVNO2xYkJmrT6X3PyHtccf/IByicxVvjkExLlpZ4+A==",
      "cpu": [
        "arm64"
      ],
      "dev": true,
      "license": "Apache-2.0 OR MIT",
      "optional": true,
      "os": [
        "linux"
      ],
      "engines": {
        "node": ">= 10"
      }
    },
    "node_modules/@tauri-apps/cli-linux-arm64-musl": {
      "version": "2.7.0",
      "resolved": "https://registry.npmjs.org/@tauri-apps/cli-linux-arm64-musl/-/cli-linux-arm64-musl-2.7.0.tgz",
      "integrity": "sha512-MftwAsMDw9dmKosbHdSHyCa0jgKjt9UslJsRpXym8dmbw+gzD3YrY41GORq0HbCYImC5rS/qQf9eELoLcqY/BQ==",
      "cpu": [
        "arm64"
      ],
      "dev": true,
      "license": "Apache-2.0 OR MIT",
      "optional": true,
      "os": [
        "linux"
      ],
      "engines": {
        "node": ">= 10"
      }
    },
    "node_modules/@tauri-apps/cli-linux-riscv64-gnu": {
      "version": "2.7.0",
      "resolved": "https://registry.npmjs.org/@tauri-apps/cli-linux-riscv64-gnu/-/cli-linux-riscv64-gnu-2.7.0.tgz",
      "integrity": "sha512-QwL4YhckgtozR7wlXOTRKijkgViz4B0OeXqhsIrhQock2HDxqCh5VqhGQ9LRJ6HsXY1JkAYZQUAFvcBj2DHUXQ==",
      "cpu": [
        "riscv64"
      ],
      "dev": true,
      "license": "Apache-2.0 OR MIT",
      "optional": true,
      "os": [
        "linux"
      ],
      "engines": {
        "node": ">= 10"
      }
    },
    "node_modules/@tauri-apps/cli-linux-x64-gnu": {
      "version": "2.7.0",
      "resolved": "https://registry.npmjs.org/@tauri-apps/cli-linux-x64-gnu/-/cli-linux-x64-gnu-2.7.0.tgz",
      "integrity": "sha512-4MwN2sqUEYGKjwcs0afPp79DkiydAfkGNdBTPfvNrDUmhbT6JE95RhYyzfZLfXNinsdB4nbZmYGEPIv5NpK2KQ==",
      "cpu": [
        "x64"
      ],
      "dev": true,
      "license": "Apache-2.0 OR MIT",
      "optional": true,
      "os": [
        "linux"
      ],
      "engines": {
        "node": ">= 10"
      }
    },
    "node_modules/@tauri-apps/cli-linux-x64-musl": {
      "version": "2.7.0",
      "resolved": "https://registry.npmjs.org/@tauri-apps/cli-linux-x64-musl/-/cli-linux-x64-musl-2.7.0.tgz",
      "integrity": "sha512-N1hygCRW0X4msCpdG3/UXb+Z8wpc4lYRqlkhbbxLOjzHwjuLS+86GYAvRLe7JIePVXVUI5BfX1HeurdbWWINTg==",
      "cpu": [
        "x64"
      ],
      "dev": true,
      "license": "Apache-2.0 OR MIT",
      "optional": true,
      "os": [
        "linux"
      ],
      "engines": {
        "node": ">= 10"
      }
    },
    "node_modules/@tauri-apps/cli-win32-arm64-msvc": {
      "version": "2.7.0",
      "resolved": "https://registry.npmjs.org/@tauri-apps/cli-win32-arm64-msvc/-/cli-win32-arm64-msvc-2.7.0.tgz",
      "integrity": "sha512-sqVDkwvUsuHeUVlMXpkXPo4gWFXuOcNbme0xPQ1r07hqBxYJlqwDY9XS0sC/7XljnO6anJaSr8FJkuixnIqyUQ==",
      "cpu": [
        "arm64"
      ],
      "dev": true,
      "license": "Apache-2.0 OR MIT",
      "optional": true,
      "os": [
        "win32"
      ],
      "engines": {
        "node": ">= 10"
      }
    },
    "node_modules/@tauri-apps/cli-win32-ia32-msvc": {
      "version": "2.7.0",
      "resolved": "https://registry.npmjs.org/@tauri-apps/cli-win32-ia32-msvc/-/cli-win32-ia32-msvc-2.7.0.tgz",
      "integrity": "sha512-2sZFAZZC8fwc65d5ACrTUgKPYbZgd3DAN5gI4WzCyTQgPqLq/7CWD25Wt7+scTV7FhT1zjL88hI10yPsEE0kkA==",
      "cpu": [
        "ia32"
      ],
      "dev": true,
      "license": "Apache-2.0 OR MIT",
      "optional": true,
      "os": [
        "win32"
      ],
      "engines": {
        "node": ">= 10"
      }
    },
    "node_modules/@tauri-apps/cli-win32-x64-msvc": {
      "version": "2.7.0",
      "resolved": "https://registry.npmjs.org/@tauri-apps/cli-win32-x64-msvc/-/cli-win32-x64-msvc-2.7.0.tgz",
      "integrity": "sha512-mGqRRpqdZ5iKLaQwP1paz89koLVrE/mUOrq6boftHDxF8K1sU/9Um/E7SLrkfeICiWbVG5yY7j2N/j8/D80blw==",
      "cpu": [
        "x64"
      ],
      "dev": true,
      "license": "Apache-2.0 OR MIT",
      "optional": true,
      "os": [
        "win32"
      ],
      "engines": {
        "node": ">= 10"
      }
    },
    "node_modules/@tauri-apps/plugin-cli": {
      "version": "2.4.0",
      "resolved": "https://registry.npmjs.org/@tauri-apps/plugin-cli/-/plugin-cli-2.4.0.tgz",
      "integrity": "sha512-3AUUaaqj3PkacFlErFUvzaApV6uZG5W8psM5AKWoPNkThwJJZskc9wqfot7PTY13fVublGszFWBNAL4I4iIZRg==",
      "license": "MIT OR Apache-2.0",
      "dependencies": {
        "@tauri-apps/api": "^2.6.0"
      }
    },
    "node_modules/@tauri-apps/plugin-notification": {
      "version": "2.3.0",
      "resolved": "https://registry.npmjs.org/@tauri-apps/plugin-notification/-/plugin-notification-2.3.0.tgz",
      "integrity": "sha512-QDwXo9VzAlH97c0veuf19TZI6cRBPfJDl2O6hNEDvI66j60lOO9z+PL6MJrj8A6Y+t55r7mGhe3rQWLmOre2HA==",
      "license": "MIT OR Apache-2.0",
      "dependencies": {
        "@tauri-apps/api": "^2.6.0"
      }
    },
    "node_modules/@tauri-apps/plugin-shell": {
      "version": "2.3.0",
      "resolved": "https://registry.npmjs.org/@tauri-apps/plugin-shell/-/plugin-shell-2.3.0.tgz",
      "integrity": "sha512-6GIRxO2z64uxPX4CCTuhQzefvCC0ew7HjdBhMALiGw74vFBDY95VWueAHOHgNOMV4UOUAFupyidN9YulTe5xlA==",
      "license": "MIT OR Apache-2.0",
      "dependencies": {
        "@tauri-apps/api": "^2.6.0"
      }
    },
    "node_modules/@tauri-apps/plugin-sql": {
      "version": "2.3.0",
      "resolved": "https://registry.npmjs.org/@tauri-apps/plugin-sql/-/plugin-sql-2.3.0.tgz",
      "integrity": "sha512-JYwIocfsLaDWa41LMiZWuzts7yCJR+EpZPRmgpO7Gd7XiAS9S67dKz306j/k/d9XntB0YopMRBol2OIWMschuA==",
      "license": "MIT OR Apache-2.0",
      "dependencies": {
        "@tauri-apps/api": "^2.6.0"
      }
    },
    "node_modules/@tauri-apps/plugin-store": {
      "version": "2.3.0",
      "resolved": "https://registry.npmjs.org/@tauri-apps/plugin-store/-/plugin-store-2.3.0.tgz",
      "integrity": "sha512-mre8er0nXPhyEWQzWCpUd+UnEoBQYcoA5JYlwpwOV9wcxKqlXTGfminpKsE37ic8NUb2BIZqf0QQ9/U3ib2+/A==",
      "license": "MIT OR Apache-2.0",
      "dependencies": {
        "@tauri-apps/api": "^2.6.0"
      }
    },
    "node_modules/fsevents": {
      "version": "2.3.2",
      "resolved": "https://registry.npmjs.org/fsevents/-/fsevents-2.3.2.tgz",
      "integrity": "sha512-xiqMQR4xAeHTuB9uWm+fFRcIOgKBMiOBP+eXiyT7jsgVCq1bkVygt00oASowB7EdtpOHaaPgKt812P9ab+DDKA==",
      "dev": true,
      "hasInstallScript": true,
      "license": "MIT",
      "optional": true,
      "os": [
        "darwin"
      ],
      "engines": {
        "node": "^8.16.0 || ^10.6.0 || >=11.0.0"
      }
    },
    "node_modules/playwright": {
      "version": "1.54.1",
      "resolved": "https://registry.npmjs.org/playwright/-/playwright-1.54.1.tgz",
      "integrity": "sha512-peWpSwIBmSLi6aW2auvrUtf2DqY16YYcCMO8rTVx486jKmDTJg7UAhyrraP98GB8BoPURZP8+nxO7TSd4cPr5g==",
      "dev": true,
      "license": "Apache-2.0",
      "dependencies": {
        "playwright-core": "1.54.1"
      },
      "bin": {
        "playwright": "cli.js"
      },
      "engines": {
        "node": ">=18"
      },
      "optionalDependencies": {
        "fsevents": "2.3.2"
      }
    },
    "node_modules/playwright-core": {
      "version": "1.54.1",
      "resolved": "https://registry.npmjs.org/playwright-core/-/playwright-core-1.54.1.tgz",
      "integrity": "sha512-Nbjs2zjj0htNhzgiy5wu+3w09YetDx5pkrpI/kZotDlDUaYk0HVA5xrBVPdow4SAUIlhgKcJeJg4GRKW6xHusA==",
      "dev": true,
      "license": "Apache-2.0",
      "bin": {
        "playwright-core": "cli.js"
      },
      "engines": {
        "node": ">=18"
      }
    }
  }
}
