{
  "name": "claude-night-pilot",
  "version": "0.1.0",
  "lockfileVersion": 3,
  "requires": true,
  "packages": {
    "": {
      "name": "claude-night-pilot",
      "version": "0.1.0",
      "dependencies": {
        "@tauri-apps/cli": "^2.7.1",
        "@tauri-apps/plugin-cli": "^2.4.0",
        "@tauri-apps/plugin-notification": "^2.3.0",
        "@tauri-apps/plugin-shell": "^2.3.0",
        "@tauri-apps/plugin-sql": "^2.3.0",
        "@tauri-apps/plugin-store": "^2.3.0"
      },
      "devDependencies": {
        "@playwright/test": "^1.54.1",
        "playwright": "^1.54.1"
      }
    },
    "node_modules/@playwright/test": {
      "version": "1.54.1",
      "resolved": "https://registry.npmjs.org/@playwright/test/-/test-1.54.1.tgz",
      "integrity": "sha512-FS8hQ12acieG2dYSksmLOF7BNxnVf2afRJdCuM1eMSxj6QTSE6G4InGF7oApGgDb65MX7AwMVlIkpru0yZA4Xw==",
      "dev": true,
      "license": "Apache-2.0",
      "dependencies": {
        "playwright": "1.54.1"
      },
      "bin": {
        "playwright": "cli.js"
      },
      "engines": {
        "node": ">=18"
      }
    },
    "node_modules/@tauri-apps/api": {
      "version": "2.7.0",
      "resolved": "https://registry.npmjs.org/@tauri-apps/api/-/api-2.7.0.tgz",
      "integrity": "sha512-v7fVE8jqBl8xJFOcBafDzXFc8FnicoH3j8o8DNNs0tHuEBmXUDqrCOAzMRX0UkfpwqZLqvrvK0GNQ45DfnoVDg==",
      "license": "Apache-2.0 OR MIT",
      "funding": {
        "type": "opencollective",
        "url": "https://opencollective.com/tauri"
      }
    },
    "node_modules/@tauri-apps/cli": {
      "version": "2.7.1",
      "resolved": "https://registry.npmjs.org/@tauri-apps/cli/-/cli-2.7.1.tgz",
      "integrity": "sha512-RcGWR4jOUEl92w3uvI0h61Llkfj9lwGD1iwvDRD2isMrDhOzjeeeVn9aGzeW1jubQ/kAbMYfydcA4BA0Cy733Q==",
      "license": "Apache-2.0 OR MIT",
      "bin": {
        "tauri": "tauri.js"
      },
      "engines": {
        "node": ">= 10"
      },
      "funding": {
        "type": "opencollective",
        "url": "https://opencollective.com/tauri"
      },
      "optionalDependencies": {
        "@tauri-apps/cli-darwin-arm64": "2.7.1",
        "@tauri-apps/cli-darwin-x64": "2.7.1",
        "@tauri-apps/cli-linux-arm-gnueabihf": "2.7.1",
        "@tauri-apps/cli-linux-arm64-gnu": "2.7.1",
        "@tauri-apps/cli-linux-arm64-musl": "2.7.1",
        "@tauri-apps/cli-linux-riscv64-gnu": "2.7.1",
        "@tauri-apps/cli-linux-x64-gnu": "2.7.1",
        "@tauri-apps/cli-linux-x64-musl": "2.7.1",
        "@tauri-apps/cli-win32-arm64-msvc": "2.7.1",
        "@tauri-apps/cli-win32-ia32-msvc": "2.7.1",
        "@tauri-apps/cli-win32-x64-msvc": "2.7.1"
      }
    },
    "node_modules/@tauri-apps/cli-darwin-arm64": {
      "version": "2.7.1",
      "resolved": "https://registry.npmjs.org/@tauri-apps/cli-darwin-arm64/-/cli-darwin-arm64-2.7.1.tgz",
      "integrity": "sha512-j2NXQN6+08G03xYiyKDKqbCV2Txt+hUKg0a8hYr92AmoCU8fgCjHyva/p16lGFGUG3P2Yu0xiNe1hXL9ZuRMzA==",
      "cpu": [
        "arm64"
      ],
      "license": "Apache-2.0 OR MIT",
      "optional": true,
      "os": [
        "darwin"
      ],
      "engines": {
        "node": ">= 10"
      }
    },
    "node_modules/@tauri-apps/cli-darwin-x64": {
      "version": "2.7.1",
      "resolved": "https://registry.npmjs.org/@tauri-apps/cli-darwin-x64/-/cli-darwin-x64-2.7.1.tgz",
      "integrity": "sha512-CdYAefeM35zKsc91qIyKzbaO7FhzTyWKsE8hj7tEJ1INYpoh1NeNNyL/NSEA3Nebi5ilugioJ5tRK8ZXG8y3gw==",
      "cpu": [
        "x64"
      ],
      "license": "Apache-2.0 OR MIT",
      "optional": true,
      "os": [
        "darwin"
      ],
      "engines": {
        "node": ">= 10"
      }
    },
    "node_modules/@tauri-apps/cli-linux-arm-gnueabihf": {
      "version": "2.7.1",
      "resolved": "https://registry.npmjs.org/@tauri-apps/cli-linux-arm-gnueabihf/-/cli-linux-arm-gnueabihf-2.7.1.tgz",
      "integrity": "sha512-dnvyJrTA1UJxJjQ8q1N/gWomjP8Twij1BUQu2fdcT3OPpqlrbOk5R1yT0oD/721xoKNjroB5BXCsmmlykllxNg==",
      "cpu": [
        "arm"
      ],
      "license": "Apache-2.0 OR MIT",
      "optional": true,
      "os": [
        "linux"
      ],
      "engines": {
        "node": ">= 10"
      }
    },
    "node_modules/@tauri-apps/cli-linux-arm64-gnu": {
      "version": "2.7.1",
      "resolved": "https://registry.npmjs.org/@tauri-apps/cli-linux-arm64-gnu/-/cli-linux-arm64-gnu-2.7.1.tgz",
      "integrity": "sha512-FtBW6LJPNRTws3qyUc294AqCWU91l/H0SsFKq6q4Q45MSS4x6wxLxou8zB53tLDGEPx3JSoPLcDaSfPlSbyujQ==",
      "cpu": [
        "arm64"
      ],
      "license": "Apache-2.0 OR MIT",
      "optional": true,
      "os": [
        "linux"
      ],
      "engines": {
        "node": ">= 10"
      }
    },
    "node_modules/@tauri-apps/cli-linux-arm64-musl": {
      "version": "2.7.1",
      "resolved": "https://registry.npmjs.org/@tauri-apps/cli-linux-arm64-musl/-/cli-linux-arm64-musl-2.7.1.tgz",
      "integrity": "sha512-/HXY0t4FHkpFzjeYS5c16mlA6z0kzn5uKLWptTLTdFSnYpr8FCnOP4Sdkvm2TDQPF2ERxXtNCd+WR/jQugbGnA==",
      "cpu": [
        "arm64"
      ],
      "license": "Apache-2.0 OR MIT",
      "optional": true,
      "os": [
        "linux"
      ],
      "engines": {
        "node": ">= 10"
      }
    },
    "node_modules/@tauri-apps/cli-linux-riscv64-gnu": {
      "version": "2.7.1",
      "resolved": "https://registry.npmjs.org/@tauri-apps/cli-linux-riscv64-gnu/-/cli-linux-riscv64-gnu-2.7.1.tgz",
      "integrity": "sha512-GeW5lVI2GhhnaYckiDzstG2j2Jwlud5d2XefRGwlOK+C/bVGLT1le8MNPYK8wgRlpeK8fG1WnJJYD6Ke7YQ8bg==",
      "cpu": [
        "riscv64"
      ],
      "license": "Apache-2.0 OR MIT",
      "optional": true,
      "os": [
        "linux"
      ],
      "engines": {
        "node": ">= 10"
      }
    },
    "node_modules/@tauri-apps/cli-linux-x64-gnu": {
      "version": "2.7.1",
      "resolved": "https://registry.npmjs.org/@tauri-apps/cli-linux-x64-gnu/-/cli-linux-x64-gnu-2.7.1.tgz",
      "integrity": "sha512-DprxKQkPxIPYwUgg+cscpv2lcIUhn2nxEPlk0UeaiV9vATxCXyytxr1gLcj3xgjGyNPlM0MlJyYaPy1JmRg1cA==",
      "cpu": [
        "x64"
      ],
      "license": "Apache-2.0 OR MIT",
      "optional": true,
      "os": [
        "linux"
      ],
      "engines": {
        "node": ">= 10"
      }
    },
    "node_modules/@tauri-apps/cli-linux-x64-musl": {
      "version": "2.7.1",
      "resolved": "https://registry.npmjs.org/@tauri-apps/cli-linux-x64-musl/-/cli-linux-x64-musl-2.7.1.tgz",
      "integrity": "sha512-KLlq3kOK7OUyDR757c0zQjPULpGZpLhNB0lZmZpHXvoOUcqZoCXJHh4dT/mryWZJp5ilrem5l8o9ngrDo0X1AA==",
      "cpu": [
        "x64"
      ],
      "license": "Apache-2.0 OR MIT",
      "optional": true,
      "os": [
        "linux"
      ],
      "engines": {
        "node": ">= 10"
      }
    },
    "node_modules/@tauri-apps/cli-win32-arm64-msvc": {
      "version": "2.7.1",
      "resolved": "https://registry.npmjs.org/@tauri-apps/cli-win32-arm64-msvc/-/cli-win32-arm64-msvc-2.7.1.tgz",
      "integrity": "sha512-dH7KUjKkSypCeWPiainHyXoES3obS+JIZVoSwSZfKq2gWgs48FY3oT0hQNYrWveE+VR4VoR3b/F3CPGbgFvksA==",
      "cpu": [
        "arm64"
      ],
      "license": "Apache-2.0 OR MIT",
      "optional": true,
      "os": [
        "win32"
      ],
      "engines": {
        "node": ">= 10"
      }
    },
    "node_modules/@tauri-apps/cli-win32-ia32-msvc": {
      "version": "2.7.1",
      "resolved": "https://registry.npmjs.org/@tauri-apps/cli-win32-ia32-msvc/-/cli-win32-ia32-msvc-2.7.1.tgz",
      "integrity": "sha512-1oeibfyWQPVcijOrTg709qhbXArjX3x1MPjrmA5anlygwrbByxLBcLXvotcOeULFcnH2FYUMMLLant8kgvwE5A==",
      "cpu": [
        "ia32"
      ],
      "license": "Apache-2.0 OR MIT",
      "optional": true,
      "os": [
        "win32"
      ],
      "engines": {
        "node": ">= 10"
      }
    },
    "node_modules/@tauri-apps/cli-win32-x64-msvc": {
      "version": "2.7.1",
      "resolved": "https://registry.npmjs.org/@tauri-apps/cli-win32-x64-msvc/-/cli-win32-x64-msvc-2.7.1.tgz",
      "integrity": "sha512-D7Q9kDObutuirCNLxYQ7KAg2Xxg99AjcdYz/KuMw5HvyEPbkC9Q7JL0vOrQOrHEHxIQ2lYzFOZvKKoC2yyqXcg==",
      "cpu": [
        "x64"
      ],
      "license": "Apache-2.0 OR MIT",
      "optional": true,
      "os": [
        "win32"
      ],
      "engines": {
        "node": ">= 10"
      }
    },
    "node_modules/@tauri-apps/plugin-cli": {
      "version": "2.4.0",
      "resolved": "https://registry.npmjs.org/@tauri-apps/plugin-cli/-/plugin-cli-2.4.0.tgz",
      "integrity": "sha512-3AUUaaqj3PkacFlErFUvzaApV6uZG5W8psM5AKWoPNkThwJJZskc9wqfot7PTY13fVublGszFWBNAL4I4iIZRg==",
      "license": "MIT OR Apache-2.0",
      "dependencies": {
        "@tauri-apps/api": "^2.6.0"
      }
    },
    "node_modules/@tauri-apps/plugin-notification": {
      "version": "2.3.0",
      "resolved": "https://registry.npmjs.org/@tauri-apps/plugin-notification/-/plugin-notification-2.3.0.tgz",
      "integrity": "sha512-QDwXo9VzAlH97c0veuf19TZI6cRBPfJDl2O6hNEDvI66j60lOO9z+PL6MJrj8A6Y+t55r7mGhe3rQWLmOre2HA==",
      "license": "MIT OR Apache-2.0",
      "dependencies": {
        "@tauri-apps/api": "^2.6.0"
      }
    },
    "node_modules/@tauri-apps/plugin-shell": {
      "version": "2.3.0",
      "resolved": "https://registry.npmjs.org/@tauri-apps/plugin-shell/-/plugin-shell-2.3.0.tgz",
      "integrity": "sha512-6GIRxO2z64uxPX4CCTuhQzefvCC0ew7HjdBhMALiGw74vFBDY95VWueAHOHgNOMV4UOUAFupyidN9YulTe5xlA==",
      "license": "MIT OR Apache-2.0",
      "dependencies": {
        "@tauri-apps/api": "^2.6.0"
      }
    },
    "node_modules/@tauri-apps/plugin-sql": {
      "version": "2.3.0",
      "resolved": "https://registry.npmjs.org/@tauri-apps/plugin-sql/-/plugin-sql-2.3.0.tgz",
      "integrity": "sha512-JYwIocfsLaDWa41LMiZWuzts7yCJR+EpZPRmgpO7Gd7XiAS9S67dKz306j/k/d9XntB0YopMRBol2OIWMschuA==",
      "license": "MIT OR Apache-2.0",
      "dependencies": {
        "@tauri-apps/api": "^2.6.0"
      }
    },
    "node_modules/@tauri-apps/plugin-store": {
      "version": "2.3.0",
      "resolved": "https://registry.npmjs.org/@tauri-apps/plugin-store/-/plugin-store-2.3.0.tgz",
      "integrity": "sha512-mre8er0nXPhyEWQzWCpUd+UnEoBQYcoA5JYlwpwOV9wcxKqlXTGfminpKsE37ic8NUb2BIZqf0QQ9/U3ib2+/A==",
      "license": "MIT OR Apache-2.0",
      "dependencies": {
        "@tauri-apps/api": "^2.6.0"
      }
    },
    "node_modules/fsevents": {
      "version": "2.3.2",
      "resolved": "https://registry.npmjs.org/fsevents/-/fsevents-2.3.2.tgz",
      "integrity": "sha512-xiqMQR4xAeHTuB9uWm+fFRcIOgKBMiOBP+eXiyT7jsgVCq1bkVygt00oASowB7EdtpOHaaPgKt812P9ab+DDKA==",
      "dev": true,
      "hasInstallScript": true,
      "license": "MIT",
      "optional": true,
      "os": [
        "darwin"
      ],
      "engines": {
        "node": "^8.16.0 || ^10.6.0 || >=11.0.0"
      }
    },
    "node_modules/playwright": {
      "version": "1.54.1",
      "resolved": "https://registry.npmjs.org/playwright/-/playwright-1.54.1.tgz",
      "integrity": "sha512-peWpSwIBmSLi6aW2auvrUtf2DqY16YYcCMO8rTVx486jKmDTJg7UAhyrraP98GB8BoPURZP8+nxO7TSd4cPr5g==",
      "dev": true,
      "license": "Apache-2.0",
      "dependencies": {
        "playwright-core": "1.54.1"
      },
      "bin": {
        "playwright": "cli.js"
      },
      "engines": {
        "node": ">=18"
      },
      "optionalDependencies": {
        "fsevents": "2.3.2"
      }
    },
    "node_modules/playwright-core": {
      "version": "1.54.1",
      "resolved": "https://registry.npmjs.org/playwright-core/-/playwright-core-1.54.1.tgz",
      "integrity": "sha512-Nbjs2zjj0htNhzgiy5wu+3w09YetDx5pkrpI/kZotDlDUaYk0HVA5xrBVPdow4SAUIlhgKcJeJg4GRKW6xHusA==",
      "dev": true,
      "license": "Apache-2.0",
      "bin": {
        "playwright-core": "cli.js"
      },
      "engines": {
        "node": ">=18"
      }
    }
  }
}
